
Microsoft Visual Studio Solution File, Format Version 12.00
# Visual Studio Version 17
VisualStudioVersion = 17.3.32825.248
MinimumVisualStudioVersion = 10.0.40219.1
Project("{FAE04EC0-301F-11D3-BF4B-00C04F79EFBC}") = "ShoeAPI", "ShoeAPI\ShoeAPI.csproj", "{53A80330-3BF9-4732-B8F3-39621EBBFA56}"
EndProject
Global
	GlobalSection(SolutionConfigurationPlatforms) = preSolution
		Debug|Any CPU = Debug|Any CPU
		Release|Any CPU = Release|Any CPU
	EndGlobalSection
	GlobalSection(ProjectConfigurationPlatforms) = postSolution
		{53A80330-3BF9-4732-B8F3-39621EBBFA56}.Debug|Any CPU.ActiveCfg = Debug|Any CPU
		{53A80330-3BF9-4732-B8F3-39621EBBFA56}.Debug|Any CPU.Build.0 = Debug|Any CPU
		{53A80330-3BF9-4732-B8F3-39621EBBFA56}.Release|Any CPU.ActiveCfg = Release|Any CPU
		{53A80330-3BF9-4732-B8F3-39621EBBFA56}.Release|Any CPU.Build.0 = Release|Any CPU
	EndGlobalSection
	GlobalSection(SolutionProperties) = preSolution
		HideSolutionNode = FALSE
	EndGlobalSection
	GlobalSection(ExtensibilityGlobals) = postSolution
		SolutionGuid = {A6B00CFD-F7B2-4036-8B51-38E513D4B1F3}
	EndGlobalSection
EndGlobal
