
Microsoft Visual Studio Solution File, Format Version 12.00
# Visual Studio Version 17
VisualStudioVersion = 17.3.32825.248
MinimumVisualStudioVersion = 10.0.40219.1
Project("{FAE04EC0-301F-11D3-BF4B-00C04F79EFBC}") = "BUQVitorAPI", "BUQVitorAPI\BUQVitorAPI.csproj", "{B70726CF-90FB-4503-AB20-F6CF17BE1E48}"
EndProject
Global
	GlobalSection(SolutionConfigurationPlatforms) = preSolution
		Debug|Any CPU = Debug|Any CPU
		Release|Any CPU = Release|Any CPU
	EndGlobalSection
	GlobalSection(ProjectConfigurationPlatforms) = postSolution
		{B70726CF-90FB-4503-AB20-F6CF17BE1E48}.Debug|Any CPU.ActiveCfg = Debug|Any CPU
		{B70726CF-90FB-4503-AB20-F6CF17BE1E48}.Debug|Any CPU.Build.0 = Debug|Any CPU
		{B70726CF-90FB-4503-AB20-F6CF17BE1E48}.Release|Any CPU.ActiveCfg = Release|Any CPU
		{B70726CF-90FB-4503-AB20-F6CF17BE1E48}.Release|Any CPU.Build.0 = Release|Any CPU
	EndGlobalSection
	GlobalSection(SolutionProperties) = preSolution
		HideSolutionNode = FALSE
	EndGlobalSection
	GlobalSection(ExtensibilityGlobals) = postSolution
		SolutionGuid = {D8224C8B-126E-4549-9509-3AF8BDFF89EA}
	EndGlobalSection
EndGlobal
